
Microsoft Visual Studio Solution File, Format Version 12.00
# Visual Studio Version 17
VisualStudioVersion = 17.3.32825.248
MinimumVisualStudioVersion = 10.0.40219.1
Project("{FAE04EC0-301F-11D3-BF4B-00C04F79EFBC}") = "Crescent", "Crescent\Crescent.csproj", "{F3EB97DE-004B-418B-A99E-D74BE093C62F}"
EndProject
Global
	GlobalSection(SolutionConfigurationPlatforms) = preSolution
		Debug|Any CPU = Debug|Any CPU
		Release|Any CPU = Release|Any CPU
	EndGlobalSection
	GlobalSection(ProjectConfigurationPlatforms) = postSolution
		{F3EB97DE-004B-418B-A99E-D74BE093C62F}.Debug|Any CPU.ActiveCfg = Debug|Any CPU
		{F3EB97DE-004B-418B-A99E-D74BE093C62F}.Debug|Any CPU.Build.0 = Debug|Any CPU
		{F3EB97DE-004B-418B-A99E-D74BE093C62F}.Release|Any CPU.ActiveCfg = Release|Any CPU
		{F3EB97DE-004B-418B-A99E-D74BE093C62F}.Release|Any CPU.Build.0 = Release|Any CPU
	EndGlobalSection
	GlobalSection(SolutionProperties) = preSolution
		HideSolutionNode = FALSE
	EndGlobalSection
	GlobalSection(ExtensibilityGlobals) = postSolution
		SolutionGuid = {F8EA419C-8E0E-4872-AF0F-03C28D08E7CE}
	EndGlobalSection
EndGlobal
